<?xml version="1.0" encoding="utf-8"?>
<Project ToolsVersion="4.0" xmlns="http://schemas.microsoft.com/developer/msbuild/2003">
  <ItemGroup>
    <Filter Include="Source Files">
      <UniqueIdentifier>{4FC737F1-C7A5-4376-A066-2A32D752A2FF}</UniqueIdentifier>
      <Extensions>cpp;c;cc;cxx;def;odl;idl;hpj;bat;asm;asmx</Extensions>
    </Filter>
    <Filter Include="Header Files">
      <UniqueIdentifier>{93995380-89BD-4b04-88EB-625FBE52EBFB}</UniqueIdentifier>
      <Extensions>h;hpp;hxx;hm;inl;inc;xsd</Extensions>
    </Filter>
    <Filter Include="Resource Files">
      <UniqueIdentifier>{67DA6AB6-F800-4c08-8B7A-83BB121AAD01}</UniqueIdentifier>
      <Extensions>rc;ico;cur;bmp;dlg;rc2;rct;bin;rgs;gif;jpg;jpeg;jpe;resx;tiff;tif;png;wav</Extensions>
    </Filter>
  </ItemGroup>
  <ItemGroup>
    <ClCompile Include="affine_image_generator06.cc">
      <Filter>Source Files</Filter>
    </ClCompile>
    <ClCompile Include="affine_transformation_range.cc">
      <Filter>Source Files</Filter>
    </ClCompile>
    <ClCompile Include="buffer_management.cc">
      <Filter>Source Files</Filter>
    </ClCompile>
    <ClCompile Include="cmphomo.cc">
      <Filter>Source Files</Filter>
    </ClCompile>
    <ClCompile Include="fern_based_point_classifier.cc">
      <Filter>Source Files</Filter>
    </ClCompile>
    <ClCompile Include="ferns.cc">
      <Filter>Source Files</Filter>
    </ClCompile>
    <ClCompile Include="fine_gaussian_pyramid.cc">
      <Filter>Source Files</Filter>
    </ClCompile>
    <ClCompile Include="homography06.cc">
      <Filter>Source Files</Filter>
    </ClCompile>
    <ClCompile Include="homography_estimator.cc">
      <Filter>Source Files</Filter>
    </ClCompile>
    <ClCompile Include="main.cc">
      <Filter>Source Files</Filter>
    </ClCompile>
    <ClCompile Include="mcv.cc">
      <Filter>Source Files</Filter>
    </ClCompile>
    <ClCompile Include="mcvGaussianSmoothing.cc">
      <Filter>Source Files</Filter>
    </ClCompile>
    <ClCompile Include="planar_pattern_detector.cc">
      <Filter>Source Files</Filter>
    </ClCompile>
    <ClCompile Include="planar_pattern_detector_builder.cc">
      <Filter>Source Files</Filter>
    </ClCompile>
    <ClCompile Include="pyr_yape06.cc">
      <Filter>Source Files</Filter>
    </ClCompile>
    <ClCompile Include="stdafx.cpp">
      <Filter>Source Files</Filter>
    </ClCompile>
    <ClCompile Include="template_matching_based_tracker.cc">
      <Filter>Source Files</Filter>
    </ClCompile>
  </ItemGroup>
  <ItemGroup>
    <ClInclude Include="affine_image_generator06.h">
      <Filter>Header Files</Filter>
    </ClInclude>
    <ClInclude Include="affine_transformation_range.h">
      <Filter>Header Files</Filter>
    </ClInclude>
    <ClInclude Include="buffer_management.h">
      <Filter>Header Files</Filter>
    </ClInclude>
    <ClInclude Include="cmphomo.h">
      <Filter>Header Files</Filter>
    </ClInclude>
    <ClInclude Include="fern_based_point_classifier.h">
      <Filter>Header Files</Filter>
    </ClInclude>
    <ClInclude Include="ferns.h">
      <Filter>Header Files</Filter>
    </ClInclude>
    <ClInclude Include="fine_gaussian_pyramid.h">
      <Filter>Header Files</Filter>
    </ClInclude>
    <ClInclude Include="general.h">
      <Filter>Header Files</Filter>
    </ClInclude>
    <ClInclude Include="homography06.h">
      <Filter>Header Files</Filter>
    </ClInclude>
    <ClInclude Include="homography_estimator.h">
      <Filter>Header Files</Filter>
    </ClInclude>
    <ClInclude Include="keypoint.h">
      <Filter>Header Files</Filter>
    </ClInclude>
    <ClInclude Include="mcv.h">
      <Filter>Header Files</Filter>
    </ClInclude>
    <ClInclude Include="mcvGaussianSmoothing.h">
      <Filter>Header Files</Filter>
    </ClInclude>
    <ClInclude Include="planar_pattern_detector.h">
      <Filter>Header Files</Filter>
    </ClInclude>
    <ClInclude Include="planar_pattern_detector_builder.h">
      <Filter>Header Files</Filter>
    </ClInclude>
    <ClInclude Include="pyr_yape06.h">
      <Filter>Header Files</Filter>
    </ClInclude>
    <ClInclude Include="stdafx.h">
      <Filter>Header Files</Filter>
    </ClInclude>
    <ClInclude Include="targetver.h">
      <Filter>Header Files</Filter>
    </ClInclude>
    <ClInclude Include="template_matching_based_tracker.h">
      <Filter>Header Files</Filter>
    </ClInclude>
  </ItemGroup>
  <ItemGroup>
    <Text Include="ReadMe.txt" />
  </ItemGroup>
</Project>