
Microsoft Visual Studio Solution File, Format Version 10.00
# Visual Studio 2008
Project("{8BC9CEB8-8B4A-11D0-8D11-00A0C91BC942}") = "ferns_demo", "ferns_demo.vcproj", "{6CA197FC-81A3-4C91-B44E-61A80AF8DFEF}"
EndProject
Global
	GlobalSection(SolutionConfigurationPlatforms) = preSolution
		Debug|Win32 = Debug|Win32
		Release|Win32 = Release|Win32
	EndGlobalSection
	GlobalSection(ProjectConfigurationPlatforms) = postSolution
		{6CA197FC-81A3-4C91-B44E-61A80AF8DFEF}.Debug|Win32.ActiveCfg = Debug|Win32
		{6CA197FC-81A3-4C91-B44E-61A80AF8DFEF}.Debug|Win32.Build.0 = Debug|Win32
		{6CA197FC-81A3-4C91-B44E-61A80AF8DFEF}.Release|Win32.ActiveCfg = Release|Win32
		{6CA197FC-81A3-4C91-B44E-61A80AF8DFEF}.Release|Win32.Build.0 = Release|Win32
	EndGlobalSection
	GlobalSection(SolutionProperties) = preSolution
		HideSolutionNode = FALSE
	EndGlobalSection
EndGlobal
